
Microsoft Visual Studio Solution File, Format Version 12.00
# Visual Studio Version 16
VisualStudioVersion = 25.0.1703.3
MinimumVisualStudioVersion = 10.0.40219.1
Project("{FAE04EC0-301F-11D3-BF4B-00C04F79EFBC}") = "RazorPagesMovie", "RazorPagesMovie\RazorPagesMovie.csproj", "{6E56DCA3-5753-4CBE-A13F-E823739AC632}"
EndProject
Global
	GlobalSection(SolutionConfigurationPlatforms) = preSolution
		Debug|Any CPU = Debug|Any CPU
		Release|Any CPU = Release|Any CPU
	EndGlobalSection
	GlobalSection(ProjectConfigurationPlatforms) = postSolution
		{6E56DCA3-5753-4CBE-A13F-E823739AC632}.Debug|Any CPU.ActiveCfg = Debug|Any CPU
		{6E56DCA3-5753-4CBE-A13F-E823739AC632}.Debug|Any CPU.Build.0 = Debug|Any CPU
		{6E56DCA3-5753-4CBE-A13F-E823739AC632}.Release|Any CPU.ActiveCfg = Release|Any CPU
		{6E56DCA3-5753-4CBE-A13F-E823739AC632}.Release|Any CPU.Build.0 = Release|Any CPU
	EndGlobalSection
	GlobalSection(SolutionProperties) = preSolution
		HideSolutionNode = FALSE
	EndGlobalSection
	GlobalSection(ExtensibilityGlobals) = postSolution
		SolutionGuid = {B00A36AE-F036-4BD9-823A-BA876B5F165B}
	EndGlobalSection
EndGlobal
